// !$*UTF8*$!
{
	archiveVersion = 1;
	classes = {
	};
	objectVersion = 77;
	objects = {

/* Begin PBXContainerItemProxy section */
		43617BA52E7D1A3400958668 /* PBXContainerItemProxy */ = {
			isa = PBXContainerItemProxy;
			containerPortal = 43617B8C2E7D1A3300958668 /* Project object */;
			proxyType = 1;
			remoteGlobalIDString = 43617B932E7D1A3300958668;
			remoteInfo = StrongLift5x5;
		};
		43617BAF2E7D1A3400958668 /* PBXContainerItemProxy */ = {
			isa = PBXContainerItemProxy;
			containerPortal = 43617B8C2E7D1A3300958668 /* Project object */;
			proxyType = 1;
			remoteGlobalIDString = 43617B932E7D1A3300958668;
			remoteInfo = StrongLift5x5;
		};
/* End PBXContainerItemProxy section */

/* Begin PBXFileReference section */
		43617B942E7D1A3300958668 /* StrongLift5x5.app */ = {isa = PBXFileReference; explicitFileType = wrapper.application; includeInIndex = 0; path = StrongLift5x5.app; sourceTree = BUILT_PRODUCTS_DIR; };
		43617BA42E7D1A3400958668 /* StrongLift5x5Tests.xctest */ = {isa = PBXFileReference; explicitFileType = wrapper.cfbundle; includeInIndex = 0; path = StrongLift5x5Tests.xctest; sourceTree = BUILT_PRODUCTS_DIR; };
		43617BAE2E7D1A3400958668 /* StrongLift5x5UITests.xctest */ = {isa = PBXFileReference; explicitFileType = wrapper.cfbundle; includeInIndex = 0; path = StrongLift5x5UITests.xctest; sourceTree = BUILT_PRODUCTS_DIR; };
/* End PBXFileReference section */

/* Begin PBXFileSystemSynchronizedRootGroup section */
		43617B962E7D1A3300958668 /* StrongLift5x5 */ = {
			isa = PBXFileSystemSynchronizedRootGroup;
			path = StrongLift5x5;
			sourceTree = "<group>";
		};
		43617BA72E7D1A3400958668 /* StrongLift5x5Tests */ = {
			isa = PBXFileSystemSynchronizedRootGroup;
			path = StrongLift5x5Tests;
			sourceTree = "<group>";
		};
		43617BB12E7D1A3400958668 /* StrongLift5x5UITests */ = {
			isa = PBXFileSystemSynchronizedRootGroup;
			path = StrongLift5x5UITests;
			sourceTree = "<group>";
		};
/* End PBXFileSystemSynchronizedRootGroup section */

/* Begin PBXFrameworksBuildPhase section */
		43617B912E7D1A3300958668 /* Frameworks */ = {
			isa = PBXFrameworksBuildPhase;
			buildActionMask = 2147483647;
			files = (
			);
			runOnlyForDeploymentPostprocessing = 0;
		};
		43617BA12E7D1A3400958668 /* Frameworks */ = {
			isa = PBXFrameworksBuildPhase;
			buildActionMask = 2147483647;
			files = (
			);
			runOnlyForDeploymentPostprocessing = 0;
		};
		43617BAB2E7D1A3400958668 /* Frameworks */ = {
			isa = PBXFrameworksBuildPhase;
			buildActionMask = 2147483647;
			files = (
			);
			runOnlyForDeploymentPostprocessing = 0;
		};
/* End PBXFrameworksBuildPhase section */

/* Begin PBXGroup section */
		43617B8B2E7D1A3300958668 = {
			isa = PBXGroup;
			children = (
				43617B962E7D1A3300958668 /* StrongLift5x5 */,
				43617BA72E7D1A3400958668 /* StrongLift5x5Tests */,
				43617BB12E7D1A3400958668 /* StrongLift5x5UITests */,
				43617B952E7D1A3300958668 /* Products */,
			);
			sourceTree = "<group>";
		};
		43617B952E7D1A3300958668 /* Products */ = {
			isa = PBXGroup;
			children = (
				43617B942E7D1A3300958668 /* StrongLift5x5.app */,
				43617BA42E7D1A3400958668 /* StrongLift5x5Tests.xctest */,
				43617BAE2E7D1A3400958668 /* StrongLift5x5UITests.xctest */,
			);
			name = Products;
			sourceTree = "<group>";
		};
/* End PBXGroup section */

/* Begin PBXNativeTarget section */
		43617B932E7D1A3300958668 /* StrongLift5x5 */ = {
			isa = PBXNativeTarget;
			buildConfigurationList = 43617BB82E7D1A3400958668 /* Build configuration list for PBXNativeTarget "StrongLift5x5" */;
			buildPhases = (
				43617B902E7D1A3300958668 /* Sources */,
				43617B912E7D1A3300958668 /* Frameworks */,
				43617B922E7D1A3300958668 /* Resources */,
			);
			buildRules = (
			);
			dependencies = (
			);
			fileSystemSynchronizedGroups = (
				43617B962E7D1A3300958668 /* StrongLift5x5 */,
			);
			name = StrongLift5x5;
			packageProductDependencies = (
			);
			productName = StrongLift5x5;
			productReference = 43617B942E7D1A3300958668 /* StrongLift5x5.app */;
			productType = "com.apple.product-type.application";
		};
		43617BA32E7D1A3400958668 /* StrongLift5x5Tests */ = {
			isa = PBXNativeTarget;
			buildConfigurationList = 43617BBB2E7D1A3400958668 /* Build configuration list for PBXNativeTarget "StrongLift5x5Tests" */;
			buildPhases = (
				43617BA02E7D1A3400958668 /* Sources */,
				43617BA12E7D1A3400958668 /* Frameworks */,
				43617BA22E7D1A3400958668 /* Resources */,
			);
			buildRules = (
			);
			dependencies = (
				43617BA62E7D1A3400958668 /* PBXTargetDependency */,
			);
			fileSystemSynchronizedGroups = (
				43617BA72E7D1A3400958668 /* StrongLift5x5Tests */,
			);
			name = StrongLift5x5Tests;
			packageProductDependencies = (
			);
			productName = StrongLift5x5Tests;
			productReference = 43617BA42E7D1A3400958668 /* StrongLift5x5Tests.xctest */;
			productType = "com.apple.product-type.bundle.unit-test";
		};
		43617BAD2E7D1A3400958668 /* StrongLift5x5UITests */ = {
			isa = PBXNativeTarget;
			buildConfigurationList = 43617BBE2E7D1A3400958668 /* Build configuration list for PBXNativeTarget "StrongLift5x5UITests" */;
			buildPhases = (
				43617BAA2E7D1A3400958668 /* Sources */,
				43617BAB2E7D1A3400958668 /* Frameworks */,
				43617BAC2E7D1A3400958668 /* Resources */,
			);
			buildRules = (
			);
			dependencies = (
				43617BB02E7D1A3400958668 /* PBXTargetDependency */,
			);
			fileSystemSynchronizedGroups = (
				43617BB12E7D1A3400958668 /* StrongLift5x5UITests */,
			);
			name = StrongLift5x5UITests;
			packageProductDependencies = (
			);
			productName = StrongLift5x5UITests;
			productReference = 43617BAE2E7D1A3400958668 /* StrongLift5x5UITests.xctest */;
			productType = "com.apple.product-type.bundle.ui-testing";
		};
/* End PBXNativeTarget section */

/* Begin PBXProject section */
		43617B8C2E7D1A3300958668 /* Project object */ = {
			isa = PBXProject;
			attributes = {
				BuildIndependentTargetsInParallel = 1;
				LastSwiftUpdateCheck = 1620;
				LastUpgradeCheck = 1620;
				TargetAttributes = {
					43617B932E7D1A3300958668 = {
						CreatedOnToolsVersion = 16.2;
					};
					43617BA32E7D1A3400958668 = {
						CreatedOnToolsVersion = 16.2;
						TestTargetID = 43617B932E7D1A3300958668;
					};
					43617BAD2E7D1A3400958668 = {
						CreatedOnToolsVersion = 16.2;
						TestTargetID = 43617B932E7D1A3300958668;
					};
				};
			};
			buildConfigurationList = 43617B8F2E7D1A3300958668 /* Build configuration list for PBXProject "StrongLift5x5" */;
			developmentRegion = en;
			hasScannedForEncodings = 0;
			knownRegions = (
				en,
				Base,
			);
			mainGroup = 43617B8B2E7D1A3300958668;
			minimizedProjectReferenceProxies = 1;
			preferredProjectObjectVersion = 77;
			productRefGroup = 43617B952E7D1A3300958668 /* Products */;
			projectDirPath = "";
			projectRoot = "";
			targets = (
				43617B932E7D1A3300958668 /* StrongLift5x5 */,
				43617BA32E7D1A3400958668 /* StrongLift5x5Tests */,
				43617BAD2E7D1A3400958668 /* StrongLift5x5UITests */,
			);
		};
/* End PBXProject section */

/* Begin PBXResourcesBuildPhase section */
		43617B922E7D1A3300958668 /* Resources */ = {
			isa = PBXResourcesBuildPhase;
			buildActionMask = 2147483647;
			files = (
			);
			runOnlyForDeploymentPostprocessing = 0;
		};
		43617BA22E7D1A3400958668 /* Resources */ = {
			isa = PBXResourcesBuildPhase;
			buildActionMask = 2147483647;
			files = (
			);
			runOnlyForDeploymentPostprocessing = 0;
		};
		43617BAC2E7D1A3400958668 /* Resources */ = {
			isa = PBXResourcesBuildPhase;
			buildActionMask = 2147483647;
			files = (
			);
			runOnlyForDeploymentPostprocessing = 0;
		};
/* End PBXResourcesBuildPhase section */

/* Begin PBXSourcesBuildPhase section */
		43617B902E7D1A3300958668 /* Sources */ = {
			isa = PBXSourcesBuildPhase;
			buildActionMask = 2147483647;
			files = (
			);
			runOnlyForDeploymentPostprocessing = 0;
		};
		43617BA02E7D1A3400958668 /* Sources */ = {
			isa = PBXSourcesBuildPhase;
			buildActionMask = 2147483647;
			files = (
			);
			runOnlyForDeploymentPostprocessing = 0;
		};
		43617BAA2E7D1A3400958668 /* Sources */ = {
			isa = PBXSourcesBuildPhase;
			buildActionMask = 2147483647;
			files = (
			);
			runOnlyForDeploymentPostprocessing = 0;
		};
/* End PBXSourcesBuildPhase section */

/* Begin PBXTargetDependency section */
		43617BA62E7D1A3400958668 /* PBXTargetDependency */ = {
			isa = PBXTargetDependency;
			target = 43617B932E7D1A3300958668 /* StrongLift5x5 */;
			targetProxy = 43617BA52E7D1A3400958668 /* PBXContainerItemProxy */;
		};
		43617BB02E7D1A3400958668 /* PBXTargetDependency */ = {
			isa = PBXTargetDependency;
			target = 43617B932E7D1A3300958668 /* StrongLift5x5 */;
			targetProxy = 43617BAF2E7D1A3400958668 /* PBXContainerItemProxy */;
		};
/* End PBXTargetDependency section */

/* Begin XCBuildConfiguration section */
		43617BB62E7D1A3400958668 /* Debug */ = {
			isa = XCBuildConfiguration;
			buildSettings = {
				ALWAYS_SEARCH_USER_PATHS = NO;
				ASSETCATALOG_COMPILER_GENERATE_SWIFT_ASSET_SYMBOL_EXTENSIONS = YES;
				CLANG_ANALYZER_NONNULL = YES;
				CLANG_ANALYZER_NUMBER_OBJECT_CONVERSION = YES_AGGRESSIVE;
				CLANG_CXX_LANGUAGE_STANDARD = "gnu++20";
				CLANG_ENABLE_MODULES = YES;
				CLANG_ENABLE_OBJC_ARC = YES;
				CLANG_ENABLE_OBJC_WEAK = YES;
				CLANG_WARN_BLOCK_CAPTURE_AUTORELEASING = YES;
				CLANG_WARN_BOOL_CONVERSION = YES;
				CLANG_WARN_COMMA = YES;
				CLANG_WARN_CONSTANT_CONVERSION = YES;
				CLANG_WARN_DEPRECATED_OBJC_IMPLEMENTATIONS = YES;
				CLANG_WARN_DIRECT_OBJC_ISA_USAGE = YES_ERROR;
				CLANG_WARN_DOCUMENTATION_COMMENTS = YES;
				CLANG_WARN_EMPTY_BODY = YES;
				CLANG_WARN_ENUM_CONVERSION = YES;
				CLANG_WARN_INFINITE_RECURSION = YES;
				CLANG_WARN_INT_CONVERSION = YES;
				CLANG_WARN_NON_LITERAL_NULL_CONVERSION = YES;
				CLANG_WARN_OBJC_IMPLICIT_RETAIN_SELF = YES;
				CLANG_WARN_OBJC_LITERAL_CONVERSION = YES;
				CLANG_WARN_OBJC_ROOT_CLASS = YES_ERROR;
				CLANG_WARN_QUOTED_INCLUDE_IN_FRAMEWORK_HEADER = YES;
				CLANG_WARN_RANGE_LOOP_ANALYSIS = YES;
				CLANG_WARN_STRICT_PROTOTYPES = YES;
				CLANG_WARN_SUSPICIOUS_MOVE = YES;
				CLANG_WARN_UNGUARDED_AVAILABILITY = YES_AGGRESSIVE;
				CLANG_WARN_UNREACHABLE_CODE = YES;
				CLANG_WARN__DUPLICATE_METHOD_MATCH = YES;
				COPY_PHASE_STRIP = NO;
				DEBUG_INFORMATION_FORMAT = dwarf;
				ENABLE_STRICT_OBJC_MSGSEND = YES;
				ENABLE_TESTABILITY = YES;
				ENABLE_USER_SCRIPT_SANDBOXING = YES;
				GCC_C_LANGUAGE_STANDARD = gnu17;
				GCC_DYNAMIC_NO_PIC = NO;
				GCC_NO_COMMON_BLOCKS = YES;
				GCC_OPTIMIZATION_LEVEL = 0;
				GCC_PREPROCESSOR_DEFINITIONS = (
					"DEBUG=1",
					"$(inherited)",
				);
				GCC_WARN_64_TO_32_BIT_CONVERSION = YES;
				GCC_WARN_ABOUT_RETURN_TYPE = YES_ERROR;
				GCC_WARN_UNDECLARED_SELECTOR = YES;
				GCC_WARN_UNINITIALIZED_AUTOS = YES_AGGRESSIVE;
				GCC_WARN_UNUSED_FUNCTION = YES;
				GCC_WARN_UNUSED_VARIABLE = YES;
				IPHONEOS_DEPLOYMENT_TARGET = 18.2;
				LOCALIZATION_PREFERS_STRING_CATALOGS = YES;
				MTL_ENABLE_DEBUG_INFO = INCLUDE_SOURCE;
				MTL_FAST_MATH = YES;
				ONLY_ACTIVE_ARCH = YES;
				SDKROOT = iphoneos;
				SWIFT_ACTIVE_COMPILATION_CONDITIONS = "DEBUG $(inherited)";
				SWIFT_OPTIMIZATION_LEVEL = "-Onone";
			};
			name = Debug;
		};
		43617BB72E7D1A3400958668 /* Release */ = {
			isa = XCBuildConfiguration;
			buildSettings = {
				ALWAYS_SEARCH_USER_PATHS = NO;
				ASSETCATALOG_COMPILER_GENERATE_SWIFT_ASSET_SYMBOL_EXTENSIONS = YES;
				CLANG_ANALYZER_NONNULL = YES;
				CLANG_ANALYZER_NUMBER_OBJECT_CONVERSION = YES_AGGRESSIVE;
				CLANG_CXX_LANGUAGE_STANDARD = "gnu++20";
				CLANG_ENABLE_MODULES = YES;
				CLANG_ENABLE_OBJC_ARC = YES;
				CLANG_ENABLE_OBJC_WEAK = YES;
				CLANG_WARN_BLOCK_CAPTURE_AUTORELEASING = YES;
				CLANG_WARN_BOOL_CONVERSION = YES;
				CLANG_WARN_COMMA = YES;
				CLANG_WARN_CONSTANT_CONVERSION = YES;
				CLANG_WARN_DEPRECATED_OBJC_IMPLEMENTATIONS = YES;
				CLANG_WARN_DIRECT_OBJC_ISA_USAGE = YES_ERROR;
				CLANG_WARN_DOCUMENTATION_COMMENTS = YES;
				CLANG_WARN_EMPTY_BODY = YES;
				CLANG_WARN_ENUM_CONVERSION = YES;
				CLANG_WARN_INFINITE_RECURSION = YES;
				CLANG_WARN_INT_CONVERSION = YES;
				CLANG_WARN_NON_LITERAL_NULL_CONVERSION = YES;
				CLANG_WARN_OBJC_IMPLICIT_RETAIN_SELF = YES;
				CLANG_WARN_OBJC_LITERAL_CONVERSION = YES;
				CLANG_WARN_OBJC_ROOT_CLASS = YES_ERROR;
				CLANG_WARN_QUOTED_INCLUDE_IN_FRAMEWORK_HEADER = YES;
				CLANG_WARN_RANGE_LOOP_ANALYSIS = YES;
				CLANG_WARN_STRICT_PROTOTYPES = YES;
				CLANG_WARN_SUSPICIOUS_MOVE = YES;
				CLANG_WARN_UNGUARDED_AVAILABILITY = YES_AGGRESSIVE;
				CLANG_WARN_UNREACHABLE_CODE = YES;
				CLANG_WARN__DUPLICATE_METHOD_MATCH = YES;
				COPY_PHASE_STRIP = NO;
				DEBUG_INFORMATION_FORMAT = "dwarf-with-dsym";
				ENABLE_NS_ASSERTIONS = NO;
				ENABLE_STRICT_OBJC_MSGSEND = YES;
				ENABLE_USER_SCRIPT_SANDBOXING = YES;
				GCC_C_LANGUAGE_STANDARD = gnu17;
				GCC_NO_COMMON_BLOCKS = YES;
				GCC_WARN_64_TO_32_BIT_CONVERSION = YES;
				GCC_WARN_ABOUT_RETURN_TYPE = YES_ERROR;
				GCC_WARN_UNDECLARED_SELECTOR = YES;
				GCC_WARN_UNINITIALIZED_AUTOS = YES_AGGRESSIVE;
				GCC_WARN_UNUSED_FUNCTION = YES;
				GCC_WARN_UNUSED_VARIABLE = YES;
				IPHONEOS_DEPLOYMENT_TARGET = 18.2;
				LOCALIZATION_PREFERS_STRING_CATALOGS = YES;
				MTL_ENABLE_DEBUG_INFO = NO;
				MTL_FAST_MATH = YES;
				SDKROOT = iphoneos;
				SWIFT_COMPILATION_MODE = wholemodule;
				VALIDATE_PRODUCT = YES;
			};
			name = Release;
		};
		43617BB92E7D1A3400958668 /* Debug */ = {
			isa = XCBuildConfiguration;
			buildSettings = {
				ASSETCATALOG_COMPILER_APPICON_NAME = AppIcon;
				ASSETCATALOG_COMPILER_GLOBAL_ACCENT_COLOR_NAME = AccentColor;
				CODE_SIGN_STYLE = Automatic;
				CURRENT_PROJECT_VERSION = 1;
				DEVELOPMENT_ASSET_PATHS = "\"StrongLift5x5/Preview Content\"";
				DEVELOPMENT_TEAM = 47XQB46S76;
				ENABLE_PREVIEWS = YES;
				GENERATE_INFOPLIST_FILE = YES;
				INFOPLIST_KEY_UIApplicationSceneManifest_Generation = YES;
				INFOPLIST_KEY_UIApplicationSupportsIndirectInputEvents = YES;
				INFOPLIST_KEY_UILaunchScreen_Generation = YES;
				INFOPLIST_KEY_UISupportedInterfaceOrientations_iPad = "UIInterfaceOrientationPortrait UIInterfaceOrientationPortraitUpsideDown UIInterfaceOrientationLandscapeLeft UIInterfaceOrientationLandscapeRight";
				INFOPLIST_KEY_UISupportedInterfaceOrientations_iPhone = "UIInterfaceOrientationPortrait UIInterfaceOrientationLandscapeLeft UIInterfaceOrientationLandscapeRight";
				LD_RUNPATH_SEARCH_PATHS = (
					"$(inherited)",
					"@executable_path/Frameworks",
				);
				MARKETING_VERSION = 1.0;
				PRODUCT_BUNDLE_IDENTIFIER = indie.hwan.StrongLift5x5;
				PRODUCT_NAME = "$(TARGET_NAME)";
				SWIFT_EMIT_LOC_STRINGS = YES;
				SWIFT_VERSION = 5.0;
				TARGETED_DEVICE_FAMILY = "1,2";
			};
			name = Debug;
		};
		43617BBA2E7D1A3400958668 /* Release */ = {
			isa = XCBuildConfiguration;
			buildSettings = {
				ASSETCATALOG_COMPILER_APPICON_NAME = AppIcon;
				ASSETCATALOG_COMPILER_GLOBAL_ACCENT_COLOR_NAME = AccentColor;
				CODE_SIGN_STYLE = Automatic;
				CURRENT_PROJECT_VERSION = 1;
				DEVELOPMENT_ASSET_PATHS = "\"StrongLift5x5/Preview Content\"";
				DEVELOPMENT_TEAM = 47XQB46S76;
				ENABLE_PREVIEWS = YES;
				GENERATE_INFOPLIST_FILE = YES;
				INFOPLIST_KEY_UIApplicationSceneManifest_Generation = YES;
				INFOPLIST_KEY_UIApplicationSupportsIndirectInputEvents = YES;
				INFOPLIST_KEY_UILaunchScreen_Generation = YES;
				INFOPLIST_KEY_UISupportedInterfaceOrientations_iPad = "UIInterfaceOrientationPortrait UIInterfaceOrientationPortraitUpsideDown UIInterfaceOrientationLandscapeLeft UIInterfaceOrientationLandscapeRight";
				INFOPLIST_KEY_UISupportedInterfaceOrientations_iPhone = "UIInterfaceOrientationPortrait UIInterfaceOrientationLandscapeLeft UIInterfaceOrientationLandscapeRight";
				LD_RUNPATH_SEARCH_PATHS = (
					"$(inherited)",
					"@executable_path/Frameworks",
				);
				MARKETING_VERSION = 1.0;
				PRODUCT_BUNDLE_IDENTIFIER = indie.hwan.StrongLift5x5;
				PRODUCT_NAME = "$(TARGET_NAME)";
				SWIFT_EMIT_LOC_STRINGS = YES;
				SWIFT_VERSION = 5.0;
				TARGETED_DEVICE_FAMILY = "1,2";
			};
			name = Release;
		};
		43617BBC2E7D1A3400958668 /* Debug */ = {
			isa = XCBuildConfiguration;
			buildSettings = {
				BUNDLE_LOADER = "$(TEST_HOST)";
				CODE_SIGN_STYLE = Automatic;
				CURRENT_PROJECT_VERSION = 1;
				DEVELOPMENT_TEAM = 47XQB46S76;
				GENERATE_INFOPLIST_FILE = YES;
				IPHONEOS_DEPLOYMENT_TARGET = 18.2;
				MARKETING_VERSION = 1.0;
				PRODUCT_BUNDLE_IDENTIFIER = indie.hwan.StrongLift5x5Tests;
				PRODUCT_NAME = "$(TARGET_NAME)";
				SWIFT_EMIT_LOC_STRINGS = NO;
				SWIFT_VERSION = 5.0;
				TARGETED_DEVICE_FAMILY = "1,2";
				TEST_HOST = "$(BUILT_PRODUCTS_DIR)/StrongLift5x5.app/$(BUNDLE_EXECUTABLE_FOLDER_PATH)/StrongLift5x5";
			};
			name = Debug;
		};
		43617BBD2E7D1A3400958668 /* Release */ = {
			isa = XCBuildConfiguration;
			buildSettings = {
				BUNDLE_LOADER = "$(TEST_HOST)";
				CODE_SIGN_STYLE = Automatic;
				CURRENT_PROJECT_VERSION = 1;
				DEVELOPMENT_TEAM = 47XQB46S76;
				GENERATE_INFOPLIST_FILE = YES;
				IPHONEOS_DEPLOYMENT_TARGET = 18.2;
				MARKETING_VERSION = 1.0;
				PRODUCT_BUNDLE_IDENTIFIER = indie.hwan.StrongLift5x5Tests;
				PRODUCT_NAME = "$(TARGET_NAME)";
				SWIFT_EMIT_LOC_STRINGS = NO;
				SWIFT_VERSION = 5.0;
				TARGETED_DEVICE_FAMILY = "1,2";
				TEST_HOST = "$(BUILT_PRODUCTS_DIR)/StrongLift5x5.app/$(BUNDLE_EXECUTABLE_FOLDER_PATH)/StrongLift5x5";
			};
			name = Release;
		};
		43617BBF2E7D1A3400958668 /* Debug */ = {
			isa = XCBuildConfiguration;
			buildSettings = {
				CODE_SIGN_STYLE = Automatic;
				CURRENT_PROJECT_VERSION = 1;
				DEVELOPMENT_TEAM = 47XQB46S76;
				GENERATE_INFOPLIST_FILE = YES;
				MARKETING_VERSION = 1.0;
				PRODUCT_BUNDLE_IDENTIFIER = indie.hwan.StrongLift5x5UITests;
				PRODUCT_NAME = "$(TARGET_NAME)";
				SWIFT_EMIT_LOC_STRINGS = NO;
				SWIFT_VERSION = 5.0;
				TARGETED_DEVICE_FAMILY = "1,2";
				TEST_TARGET_NAME = StrongLift5x5;
			};
			name = Debug;
		};
		43617BC02E7D1A3400958668 /* Release */ = {
			isa = XCBuildConfiguration;
			buildSettings = {
				CODE_SIGN_STYLE = Automatic;
				CURRENT_PROJECT_VERSION = 1;
				DEVELOPMENT_TEAM = 47XQB46S76;
				GENERATE_INFOPLIST_FILE = YES;
				MARKETING_VERSION = 1.0;
				PRODUCT_BUNDLE_IDENTIFIER = indie.hwan.StrongLift5x5UITests;
				PRODUCT_NAME = "$(TARGET_NAME)";
				SWIFT_EMIT_LOC_STRINGS = NO;
				SWIFT_VERSION = 5.0;
				TARGETED_DEVICE_FAMILY = "1,2";
				TEST_TARGET_NAME = StrongLift5x5;
			};
			name = Release;
		};
/* End XCBuildConfiguration section */

/* Begin XCConfigurationList section */
		43617B8F2E7D1A3300958668 /* Build configuration list for PBXProject "StrongLift5x5" */ = {
			isa = XCConfigurationList;
			buildConfigurations = (
				43617BB62E7D1A3400958668 /* Debug */,
				43617BB72E7D1A3400958668 /* Release */,
			);
			defaultConfigurationIsVisible = 0;
			defaultConfigurationName = Release;
		};
		43617BB82E7D1A3400958668 /* Build configuration list for PBXNativeTarget "StrongLift5x5" */ = {
			isa = XCConfigurationList;
			buildConfigurations = (
				43617BB92E7D1A3400958668 /* Debug */,
				43617BBA2E7D1A3400958668 /* Release */,
			);
			defaultConfigurationIsVisible = 0;
			defaultConfigurationName = Release;
		};
		43617BBB2E7D1A3400958668 /* Build configuration list for PBXNativeTarget "StrongLift5x5Tests" */ = {
			isa = XCConfigurationList;
			buildConfigurations = (
				43617BBC2E7D1A3400958668 /* Debug */,
				43617BBD2E7D1A3400958668 /* Release */,
			);
			defaultConfigurationIsVisible = 0;
			defaultConfigurationName = Release;
		};
		43617BBE2E7D1A3400958668 /* Build configuration list for PBXNativeTarget "StrongLift5x5UITests" */ = {
			isa = XCConfigurationList;
			buildConfigurations = (
				43617BBF2E7D1A3400958668 /* Debug */,
				43617BC02E7D1A3400958668 /* Release */,
			);
			defaultConfigurationIsVisible = 0;
			defaultConfigurationName = Release;
		};
/* End XCConfigurationList section */
	};
	rootObject = 43617B8C2E7D1A3300958668 /* Project object */;
}
